
Microsoft Visual Studio Solution File, Format Version 12.00
# Visual Studio 15
VisualStudioVersion = 15.0.28307.489
MinimumVisualStudioVersion = 10.0.40219.1
Project("{FAE04EC0-301F-11D3-BF4B-00C04F79EFBC}") = "XamCross10.Android", "XamCross10\XamCross10.Android\XamCross10.Android.csproj", "{926C1FC9-A21F-466F-9A6D-7EBEC4ED9F52}"
EndProject
Project("{FAE04EC0-301F-11D3-BF4B-00C04F79EFBC}") = "XamCross10.iOS", "XamCross10\XamCross10.iOS\XamCross10.iOS.csproj", "{EC22037C-1046-4144-B29F-E09CD0D0AC96}"
EndProject
Project("{FAE04EC0-301F-11D3-BF4B-00C04F79EFBC}") = "XamCross10.UWP", "XamCross10\XamCross10.UWP\XamCross10.UWP.csproj", "{E57A6DA1-26A5-4048-892E-790D55F10FCC}"
EndProject
Project("{FAE04EC0-301F-11D3-BF4B-00C04F79EFBC}") = "XamCross10", "XamCross10\XamCross10\XamCross10.csproj", "{A1FB4271-421A-44DB-89ED-7A63D1298978}"
EndProject
Global
	GlobalSection(SolutionConfigurationPlatforms) = preSolution
		Ad-Hoc|Any CPU = Ad-Hoc|Any CPU
		Ad-Hoc|ARM = Ad-Hoc|ARM
		Ad-Hoc|iPhone = Ad-Hoc|iPhone
		Ad-Hoc|iPhoneSimulator = Ad-Hoc|iPhoneSimulator
		Ad-Hoc|x64 = Ad-Hoc|x64
		Ad-Hoc|x86 = Ad-Hoc|x86
		AppStore|Any CPU = AppStore|Any CPU
		AppStore|ARM = AppStore|ARM
		AppStore|iPhone = AppStore|iPhone
		AppStore|iPhoneSimulator = AppStore|iPhoneSimulator
		AppStore|x64 = AppStore|x64
		AppStore|x86 = AppStore|x86
		Debug|Any CPU = Debug|Any CPU
		Debug|ARM = Debug|ARM
		Debug|iPhone = Debug|iPhone
		Debug|iPhoneSimulator = Debug|iPhoneSimulator
		Debug|x64 = Debug|x64
		Debug|x86 = Debug|x86
		Release|Any CPU = Release|Any CPU
		Release|ARM = Release|ARM
		Release|iPhone = Release|iPhone
		Release|iPhoneSimulator = Release|iPhoneSimulator
		Release|x64 = Release|x64
		Release|x86 = Release|x86
	EndGlobalSection
	GlobalSection(ProjectConfigurationPlatforms) = postSolution
		{926C1FC9-A21F-466F-9A6D-7EBEC4ED9F52}.Ad-Hoc|Any CPU.ActiveCfg = Release|Any CPU
		{926C1FC9-A21F-466F-9A6D-7EBEC4ED9F52}.Ad-Hoc|Any CPU.Build.0 = Release|Any CPU
		{926C1FC9-A21F-466F-9A6D-7EBEC4ED9F52}.Ad-Hoc|Any CPU.Deploy.0 = Release|Any CPU
		{926C1FC9-A21F-466F-9A6D-7EBEC4ED9F52}.Ad-Hoc|ARM.ActiveCfg = Release|Any CPU
		{926C1FC9-A21F-466F-9A6D-7EBEC4ED9F52}.Ad-Hoc|ARM.Build.0 = Release|Any CPU
		{926C1FC9-A21F-466F-9A6D-7EBEC4ED9F52}.Ad-Hoc|ARM.Deploy.0 = Release|Any CPU
		{926C1FC9-A21F-466F-9A6D-7EBEC4ED9F52}.Ad-Hoc|iPhone.ActiveCfg = Release|Any CPU
		{926C1FC9-A21F-466F-9A6D-7EBEC4ED9F52}.Ad-Hoc|iPhone.Build.0 = Release|Any CPU
		{926C1FC9-A21F-466F-9A6D-7EBEC4ED9F52}.Ad-Hoc|iPhone.Deploy.0 = Release|Any CPU
		{926C1FC9-A21F-466F-9A6D-7EBEC4ED9F52}.Ad-Hoc|iPhoneSimulator.ActiveCfg = Release|Any CPU
		{926C1FC9-A21F-466F-9A6D-7EBEC4ED9F52}.Ad-Hoc|iPhoneSimulator.Build.0 = Release|Any CPU
		{926C1FC9-A21F-466F-9A6D-7EBEC4ED9F52}.Ad-Hoc|iPhoneSimulator.Deploy.0 = Release|Any CPU
		{926C1FC9-A21F-466F-9A6D-7EBEC4ED9F52}.Ad-Hoc|x64.ActiveCfg = Release|Any CPU
		{926C1FC9-A21F-466F-9A6D-7EBEC4ED9F52}.Ad-Hoc|x64.Build.0 = Release|Any CPU
		{926C1FC9-A21F-466F-9A6D-7EBEC4ED9F52}.Ad-Hoc|x64.Deploy.0 = Release|Any CPU
		{926C1FC9-A21F-466F-9A6D-7EBEC4ED9F52}.Ad-Hoc|x86.ActiveCfg = Release|Any CPU
		{926C1FC9-A21F-466F-9A6D-7EBEC4ED9F52}.Ad-Hoc|x86.Build.0 = Release|Any CPU
		{926C1FC9-A21F-466F-9A6D-7EBEC4ED9F52}.Ad-Hoc|x86.Deploy.0 = Release|Any CPU
		{926C1FC9-A21F-466F-9A6D-7EBEC4ED9F52}.AppStore|Any CPU.ActiveCfg = Release|Any CPU
		{926C1FC9-A21F-466F-9A6D-7EBEC4ED9F52}.AppStore|Any CPU.Build.0 = Release|Any CPU
		{926C1FC9-A21F-466F-9A6D-7EBEC4ED9F52}.AppStore|Any CPU.Deploy.0 = Release|Any CPU
		{926C1FC9-A21F-466F-9A6D-7EBEC4ED9F52}.AppStore|ARM.ActiveCfg = Release|Any CPU
		{926C1FC9-A21F-466F-9A6D-7EBEC4ED9F52}.AppStore|ARM.Build.0 = Release|Any CPU
		{926C1FC9-A21F-466F-9A6D-7EBEC4ED9F52}.AppStore|ARM.Deploy.0 = Release|Any CPU
		{926C1FC9-A21F-466F-9A6D-7EBEC4ED9F52}.AppStore|iPhone.ActiveCfg = Release|Any CPU
		{926C1FC9-A21F-466F-9A6D-7EBEC4ED9F52}.AppStore|iPhone.Build.0 = Release|Any CPU
		{926C1FC9-A21F-466F-9A6D-7EBEC4ED9F52}.AppStore|iPhone.Deploy.0 = Release|Any CPU
		{926C1FC9-A21F-466F-9A6D-7EBEC4ED9F52}.AppStore|iPhoneSimulator.ActiveCfg = Release|Any CPU
		{926C1FC9-A21F-466F-9A6D-7EBEC4ED9F52}.AppStore|iPhoneSimulator.Build.0 = Release|Any CPU
		{926C1FC9-A21F-466F-9A6D-7EBEC4ED9F52}.AppStore|iPhoneSimulator.Deploy.0 = Release|Any CPU
		{926C1FC9-A21F-466F-9A6D-7EBEC4ED9F52}.AppStore|x64.ActiveCfg = Release|Any CPU
		{926C1FC9-A21F-466F-9A6D-7EBEC4ED9F52}.AppStore|x64.Build.0 = Release|Any CPU
		{926C1FC9-A21F-466F-9A6D-7EBEC4ED9F52}.AppStore|x64.Deploy.0 = Release|Any CPU
		{926C1FC9-A21F-466F-9A6D-7EBEC4ED9F52}.AppStore|x86.ActiveCfg = Release|Any CPU
		{926C1FC9-A21F-466F-9A6D-7EBEC4ED9F52}.AppStore|x86.Build.0 = Release|Any CPU
		{926C1FC9-A21F-466F-9A6D-7EBEC4ED9F52}.AppStore|x86.Deploy.0 = Release|Any CPU
		{926C1FC9-A21F-466F-9A6D-7EBEC4ED9F52}.Debug|Any CPU.ActiveCfg = Debug|Any CPU
		{926C1FC9-A21F-466F-9A6D-7EBEC4ED9F52}.Debug|Any CPU.Build.0 = Debug|Any CPU
		{926C1FC9-A21F-466F-9A6D-7EBEC4ED9F52}.Debug|Any CPU.Deploy.0 = Debug|Any CPU
		{926C1FC9-A21F-466F-9A6D-7EBEC4ED9F52}.Debug|ARM.ActiveCfg = Debug|Any CPU
		{926C1FC9-A21F-466F-9A6D-7EBEC4ED9F52}.Debug|ARM.Build.0 = Debug|Any CPU
		{926C1FC9-A21F-466F-9A6D-7EBEC4ED9F52}.Debug|ARM.Deploy.0 = Debug|Any CPU
		{926C1FC9-A21F-466F-9A6D-7EBEC4ED9F52}.Debug|iPhone.ActiveCfg = Debug|Any CPU
		{926C1FC9-A21F-466F-9A6D-7EBEC4ED9F52}.Debug|iPhone.Build.0 = Debug|Any CPU
		{926C1FC9-A21F-466F-9A6D-7EBEC4ED9F52}.Debug|iPhone.Deploy.0 = Debug|Any CPU
		{926C1FC9-A21F-466F-9A6D-7EBEC4ED9F52}.Debug|iPhoneSimulator.ActiveCfg = Debug|Any CPU
		{926C1FC9-A21F-466F-9A6D-7EBEC4ED9F52}.Debug|iPhoneSimulator.Build.0 = Debug|Any CPU
		{926C1FC9-A21F-466F-9A6D-7EBEC4ED9F52}.Debug|iPhoneSimulator.Deploy.0 = Debug|Any CPU
		{926C1FC9-A21F-466F-9A6D-7EBEC4ED9F52}.Debug|x64.ActiveCfg = Debug|Any CPU
		{926C1FC9-A21F-466F-9A6D-7EBEC4ED9F52}.Debug|x64.Build.0 = Debug|Any CPU
		{926C1FC9-A21F-466F-9A6D-7EBEC4ED9F52}.Debug|x64.Deploy.0 = Debug|Any CPU
		{926C1FC9-A21F-466F-9A6D-7EBEC4ED9F52}.Debug|x86.ActiveCfg = Debug|Any CPU
		{926C1FC9-A21F-466F-9A6D-7EBEC4ED9F52}.Debug|x86.Build.0 = Debug|Any CPU
		{926C1FC9-A21F-466F-9A6D-7EBEC4ED9F52}.Debug|x86.Deploy.0 = Debug|Any CPU
		{926C1FC9-A21F-466F-9A6D-7EBEC4ED9F52}.Release|Any CPU.ActiveCfg = Release|Any CPU
		{926C1FC9-A21F-466F-9A6D-7EBEC4ED9F52}.Release|Any CPU.Build.0 = Release|Any CPU
		{926C1FC9-A21F-466F-9A6D-7EBEC4ED9F52}.Release|Any CPU.Deploy.0 = Release|Any CPU
		{926C1FC9-A21F-466F-9A6D-7EBEC4ED9F52}.Release|ARM.ActiveCfg = Release|Any CPU
		{926C1FC9-A21F-466F-9A6D-7EBEC4ED9F52}.Release|ARM.Build.0 = Release|Any CPU
		{926C1FC9-A21F-466F-9A6D-7EBEC4ED9F52}.Release|ARM.Deploy.0 = Release|Any CPU
		{926C1FC9-A21F-466F-9A6D-7EBEC4ED9F52}.Release|iPhone.ActiveCfg = Release|Any CPU
		{926C1FC9-A21F-466F-9A6D-7EBEC4ED9F52}.Release|iPhone.Build.0 = Release|Any CPU
		{926C1FC9-A21F-466F-9A6D-7EBEC4ED9F52}.Release|iPhone.Deploy.0 = Release|Any CPU
		{926C1FC9-A21F-466F-9A6D-7EBEC4ED9F52}.Release|iPhoneSimulator.ActiveCfg = Release|Any CPU
		{926C1FC9-A21F-466F-9A6D-7EBEC4ED9F52}.Release|iPhoneSimulator.Build.0 = Release|Any CPU
		{926C1FC9-A21F-466F-9A6D-7EBEC4ED9F52}.Release|iPhoneSimulator.Deploy.0 = Release|Any CPU
		{926C1FC9-A21F-466F-9A6D-7EBEC4ED9F52}.Release|x64.ActiveCfg = Release|Any CPU
		{926C1FC9-A21F-466F-9A6D-7EBEC4ED9F52}.Release|x64.Build.0 = Release|Any CPU
		{926C1FC9-A21F-466F-9A6D-7EBEC4ED9F52}.Release|x64.Deploy.0 = Release|Any CPU
		{926C1FC9-A21F-466F-9A6D-7EBEC4ED9F52}.Release|x86.ActiveCfg = Release|Any CPU
		{926C1FC9-A21F-466F-9A6D-7EBEC4ED9F52}.Release|x86.Build.0 = Release|Any CPU
		{926C1FC9-A21F-466F-9A6D-7EBEC4ED9F52}.Release|x86.Deploy.0 = Release|Any CPU
		{EC22037C-1046-4144-B29F-E09CD0D0AC96}.Ad-Hoc|Any CPU.ActiveCfg = Ad-Hoc|iPhone
		{EC22037C-1046-4144-B29F-E09CD0D0AC96}.Ad-Hoc|Any CPU.Build.0 = Ad-Hoc|iPhone
		{EC22037C-1046-4144-B29F-E09CD0D0AC96}.Ad-Hoc|Any CPU.Deploy.0 = Ad-Hoc|iPhone
		{EC22037C-1046-4144-B29F-E09CD0D0AC96}.Ad-Hoc|ARM.ActiveCfg = Ad-Hoc|iPhone
		{EC22037C-1046-4144-B29F-E09CD0D0AC96}.Ad-Hoc|ARM.Build.0 = Ad-Hoc|iPhone
		{EC22037C-1046-4144-B29F-E09CD0D0AC96}.Ad-Hoc|ARM.Deploy.0 = Ad-Hoc|iPhone
		{EC22037C-1046-4144-B29F-E09CD0D0AC96}.Ad-Hoc|iPhone.ActiveCfg = Ad-Hoc|iPhone
		{EC22037C-1046-4144-B29F-E09CD0D0AC96}.Ad-Hoc|iPhone.Build.0 = Ad-Hoc|iPhone
		{EC22037C-1046-4144-B29F-E09CD0D0AC96}.Ad-Hoc|iPhone.Deploy.0 = Ad-Hoc|iPhone
		{EC22037C-1046-4144-B29F-E09CD0D0AC96}.Ad-Hoc|iPhoneSimulator.ActiveCfg = Ad-Hoc|iPhoneSimulator
		{EC22037C-1046-4144-B29F-E09CD0D0AC96}.Ad-Hoc|iPhoneSimulator.Build.0 = Ad-Hoc|iPhoneSimulator
		{EC22037C-1046-4144-B29F-E09CD0D0AC96}.Ad-Hoc|iPhoneSimulator.Deploy.0 = Ad-Hoc|iPhoneSimulator
		{EC22037C-1046-4144-B29F-E09CD0D0AC96}.Ad-Hoc|x64.ActiveCfg = Ad-Hoc|iPhone
		{EC22037C-1046-4144-B29F-E09CD0D0AC96}.Ad-Hoc|x64.Build.0 = Ad-Hoc|iPhone
		{EC22037C-1046-4144-B29F-E09CD0D0AC96}.Ad-Hoc|x64.Deploy.0 = Ad-Hoc|iPhone
		{EC22037C-1046-4144-B29F-E09CD0D0AC96}.Ad-Hoc|x86.ActiveCfg = Ad-Hoc|iPhone
		{EC22037C-1046-4144-B29F-E09CD0D0AC96}.Ad-Hoc|x86.Build.0 = Ad-Hoc|iPhone
		{EC22037C-1046-4144-B29F-E09CD0D0AC96}.Ad-Hoc|x86.Deploy.0 = Ad-Hoc|iPhone
		{EC22037C-1046-4144-B29F-E09CD0D0AC96}.AppStore|Any CPU.ActiveCfg = AppStore|iPhone
		{EC22037C-1046-4144-B29F-E09CD0D0AC96}.AppStore|Any CPU.Build.0 = AppStore|iPhone
		{EC22037C-1046-4144-B29F-E09CD0D0AC96}.AppStore|Any CPU.Deploy.0 = AppStore|iPhone
		{EC22037C-1046-4144-B29F-E09CD0D0AC96}.AppStore|ARM.ActiveCfg = AppStore|iPhone
		{EC22037C-1046-4144-B29F-E09CD0D0AC96}.AppStore|ARM.Build.0 = AppStore|iPhone
		{EC22037C-1046-4144-B29F-E09CD0D0AC96}.AppStore|ARM.Deploy.0 = AppStore|iPhone
		{EC22037C-1046-4144-B29F-E09CD0D0AC96}.AppStore|iPhone.ActiveCfg = AppStore|iPhone
		{EC22037C-1046-4144-B29F-E09CD0D0AC96}.AppStore|iPhone.Build.0 = AppStore|iPhone
		{EC22037C-1046-4144-B29F-E09CD0D0AC96}.AppStore|iPhone.Deploy.0 = AppStore|iPhone
		{EC22037C-1046-4144-B29F-E09CD0D0AC96}.AppStore|iPhoneSimulator.ActiveCfg = AppStore|iPhoneSimulator
		{EC22037C-1046-4144-B29F-E09CD0D0AC96}.AppStore|iPhoneSimulator.Build.0 = AppStore|iPhoneSimulator
		{EC22037C-1046-4144-B29F-E09CD0D0AC96}.AppStore|iPhoneSimulator.Deploy.0 = AppStore|iPhoneSimulator
		{EC22037C-1046-4144-B29F-E09CD0D0AC96}.AppStore|x64.ActiveCfg = AppStore|iPhone
		{EC22037C-1046-4144-B29F-E09CD0D0AC96}.AppStore|x64.Build.0 = AppStore|iPhone
		{EC22037C-1046-4144-B29F-E09CD0D0AC96}.AppStore|x64.Deploy.0 = AppStore|iPhone
		{EC22037C-1046-4144-B29F-E09CD0D0AC96}.AppStore|x86.ActiveCfg = AppStore|iPhone
		{EC22037C-1046-4144-B29F-E09CD0D0AC96}.AppStore|x86.Build.0 = AppStore|iPhone
		{EC22037C-1046-4144-B29F-E09CD0D0AC96}.AppStore|x86.Deploy.0 = AppStore|iPhone
		{EC22037C-1046-4144-B29F-E09CD0D0AC96}.Debug|Any CPU.ActiveCfg = Debug|iPhoneSimulator
		{EC22037C-1046-4144-B29F-E09CD0D0AC96}.Debug|Any CPU.Build.0 = Debug|iPhoneSimulator
		{EC22037C-1046-4144-B29F-E09CD0D0AC96}.Debug|Any CPU.Deploy.0 = Debug|iPhoneSimulator
		{EC22037C-1046-4144-B29F-E09CD0D0AC96}.Debug|ARM.ActiveCfg = Debug|iPhone
		{EC22037C-1046-4144-B29F-E09CD0D0AC96}.Debug|ARM.Build.0 = Debug|iPhone
		{EC22037C-1046-4144-B29F-E09CD0D0AC96}.Debug|ARM.Deploy.0 = Debug|iPhone
		{EC22037C-1046-4144-B29F-E09CD0D0AC96}.Debug|iPhone.ActiveCfg = Debug|iPhone
		{EC22037C-1046-4144-B29F-E09CD0D0AC96}.Debug|iPhone.Build.0 = Debug|iPhone
		{EC22037C-1046-4144-B29F-E09CD0D0AC96}.Debug|iPhone.Deploy.0 = Debug|iPhone
		{EC22037C-1046-4144-B29F-E09CD0D0AC96}.Debug|iPhoneSimulator.ActiveCfg = Debug|iPhoneSimulator
		{EC22037C-1046-4144-B29F-E09CD0D0AC96}.Debug|iPhoneSimulator.Build.0 = Debug|iPhoneSimulator
		{EC22037C-1046-4144-B29F-E09CD0D0AC96}.Debug|iPhoneSimulator.Deploy.0 = Debug|iPhoneSimulator
		{EC22037C-1046-4144-B29F-E09CD0D0AC96}.Debug|x64.ActiveCfg = Debug|iPhone
		{EC22037C-1046-4144-B29F-E09CD0D0AC96}.Debug|x64.Build.0 = Debug|iPhone
		{EC22037C-1046-4144-B29F-E09CD0D0AC96}.Debug|x64.Deploy.0 = Debug|iPhone
		{EC22037C-1046-4144-B29F-E09CD0D0AC96}.Debug|x86.ActiveCfg = Debug|iPhone
		{EC22037C-1046-4144-B29F-E09CD0D0AC96}.Debug|x86.Build.0 = Debug|iPhone
		{EC22037C-1046-4144-B29F-E09CD0D0AC96}.Debug|x86.Deploy.0 = Debug|iPhone
		{EC22037C-1046-4144-B29F-E09CD0D0AC96}.Release|Any CPU.ActiveCfg = Release|iPhone
		{EC22037C-1046-4144-B29F-E09CD0D0AC96}.Release|Any CPU.Build.0 = Release|iPhone
		{EC22037C-1046-4144-B29F-E09CD0D0AC96}.Release|Any CPU.Deploy.0 = Release|iPhone
		{EC22037C-1046-4144-B29F-E09CD0D0AC96}.Release|ARM.ActiveCfg = Release|iPhone
		{EC22037C-1046-4144-B29F-E09CD0D0AC96}.Release|ARM.Build.0 = Release|iPhone
		{EC22037C-1046-4144-B29F-E09CD0D0AC96}.Release|ARM.Deploy.0 = Release|iPhone
		{EC22037C-1046-4144-B29F-E09CD0D0AC96}.Release|iPhone.ActiveCfg = Release|iPhone
		{EC22037C-1046-4144-B29F-E09CD0D0AC96}.Release|iPhone.Build.0 = Release|iPhone
		{EC22037C-1046-4144-B29F-E09CD0D0AC96}.Release|iPhone.Deploy.0 = Release|iPhone
		{EC22037C-1046-4144-B29F-E09CD0D0AC96}.Release|iPhoneSimulator.ActiveCfg = Release|iPhoneSimulator
		{EC22037C-1046-4144-B29F-E09CD0D0AC96}.Release|iPhoneSimulator.Build.0 = Release|iPhoneSimulator
		{EC22037C-1046-4144-B29F-E09CD0D0AC96}.Release|iPhoneSimulator.Deploy.0 = Release|iPhoneSimulator
		{EC22037C-1046-4144-B29F-E09CD0D0AC96}.Release|x64.ActiveCfg = Release|iPhone
		{EC22037C-1046-4144-B29F-E09CD0D0AC96}.Release|x64.Build.0 = Release|iPhone
		{EC22037C-1046-4144-B29F-E09CD0D0AC96}.Release|x64.Deploy.0 = Release|iPhone
		{EC22037C-1046-4144-B29F-E09CD0D0AC96}.Release|x86.ActiveCfg = Release|iPhone
		{EC22037C-1046-4144-B29F-E09CD0D0AC96}.Release|x86.Build.0 = Release|iPhone
		{EC22037C-1046-4144-B29F-E09CD0D0AC96}.Release|x86.Deploy.0 = Release|iPhone
		{E57A6DA1-26A5-4048-892E-790D55F10FCC}.Ad-Hoc|Any CPU.ActiveCfg = Release|x86
		{E57A6DA1-26A5-4048-892E-790D55F10FCC}.Ad-Hoc|Any CPU.Build.0 = Release|x86
		{E57A6DA1-26A5-4048-892E-790D55F10FCC}.Ad-Hoc|Any CPU.Deploy.0 = Release|x86
		{E57A6DA1-26A5-4048-892E-790D55F10FCC}.Ad-Hoc|ARM.ActiveCfg = Release|ARM
		{E57A6DA1-26A5-4048-892E-790D55F10FCC}.Ad-Hoc|ARM.Build.0 = Release|ARM
		{E57A6DA1-26A5-4048-892E-790D55F10FCC}.Ad-Hoc|ARM.Deploy.0 = Release|ARM
		{E57A6DA1-26A5-4048-892E-790D55F10FCC}.Ad-Hoc|iPhone.ActiveCfg = Release|x86
		{E57A6DA1-26A5-4048-892E-790D55F10FCC}.Ad-Hoc|iPhone.Build.0 = Release|x86
		{E57A6DA1-26A5-4048-892E-790D55F10FCC}.Ad-Hoc|iPhone.Deploy.0 = Release|x86
		{E57A6DA1-26A5-4048-892E-790D55F10FCC}.Ad-Hoc|iPhoneSimulator.ActiveCfg = Release|x86
		{E57A6DA1-26A5-4048-892E-790D55F10FCC}.Ad-Hoc|iPhoneSimulator.Build.0 = Release|x86
		{E57A6DA1-26A5-4048-892E-790D55F10FCC}.Ad-Hoc|iPhoneSimulator.Deploy.0 = Release|x86
		{E57A6DA1-26A5-4048-892E-790D55F10FCC}.Ad-Hoc|x64.ActiveCfg = Release|x64
		{E57A6DA1-26A5-4048-892E-790D55F10FCC}.Ad-Hoc|x64.Build.0 = Release|x64
		{E57A6DA1-26A5-4048-892E-790D55F10FCC}.Ad-Hoc|x64.Deploy.0 = Release|x64
		{E57A6DA1-26A5-4048-892E-790D55F10FCC}.Ad-Hoc|x86.ActiveCfg = Release|x86
		{E57A6DA1-26A5-4048-892E-790D55F10FCC}.Ad-Hoc|x86.Build.0 = Release|x86
		{E57A6DA1-26A5-4048-892E-790D55F10FCC}.Ad-Hoc|x86.Deploy.0 = Release|x86
		{E57A6DA1-26A5-4048-892E-790D55F10FCC}.AppStore|Any CPU.ActiveCfg = Release|x86
		{E57A6DA1-26A5-4048-892E-790D55F10FCC}.AppStore|Any CPU.Build.0 = Release|x86
		{E57A6DA1-26A5-4048-892E-790D55F10FCC}.AppStore|Any CPU.Deploy.0 = Release|x86
		{E57A6DA1-26A5-4048-892E-790D55F10FCC}.AppStore|ARM.ActiveCfg = Release|ARM
		{E57A6DA1-26A5-4048-892E-790D55F10FCC}.AppStore|ARM.Build.0 = Release|ARM
		{E57A6DA1-26A5-4048-892E-790D55F10FCC}.AppStore|ARM.Deploy.0 = Release|ARM
		{E57A6DA1-26A5-4048-892E-790D55F10FCC}.AppStore|iPhone.ActiveCfg = Release|x86
		{E57A6DA1-26A5-4048-892E-790D55F10FCC}.AppStore|iPhone.Build.0 = Release|x86
		{E57A6DA1-26A5-4048-892E-790D55F10FCC}.AppStore|iPhone.Deploy.0 = Release|x86
		{E57A6DA1-26A5-4048-892E-790D55F10FCC}.AppStore|iPhoneSimulator.ActiveCfg = Release|x86
		{E57A6DA1-26A5-4048-892E-790D55F10FCC}.AppStore|iPhoneSimulator.Build.0 = Release|x86
		{E57A6DA1-26A5-4048-892E-790D55F10FCC}.AppStore|iPhoneSimulator.Deploy.0 = Release|x86
		{E57A6DA1-26A5-4048-892E-790D55F10FCC}.AppStore|x64.ActiveCfg = Release|x64
		{E57A6DA1-26A5-4048-892E-790D55F10FCC}.AppStore|x64.Build.0 = Release|x64
		{E57A6DA1-26A5-4048-892E-790D55F10FCC}.AppStore|x64.Deploy.0 = Release|x64
		{E57A6DA1-26A5-4048-892E-790D55F10FCC}.AppStore|x86.ActiveCfg = Release|x86
		{E57A6DA1-26A5-4048-892E-790D55F10FCC}.AppStore|x86.Build.0 = Release|x86
		{E57A6DA1-26A5-4048-892E-790D55F10FCC}.AppStore|x86.Deploy.0 = Release|x86
		{E57A6DA1-26A5-4048-892E-790D55F10FCC}.Debug|Any CPU.ActiveCfg = Debug|x86
		{E57A6DA1-26A5-4048-892E-790D55F10FCC}.Debug|Any CPU.Build.0 = Debug|x86
		{E57A6DA1-26A5-4048-892E-790D55F10FCC}.Debug|Any CPU.Deploy.0 = Debug|x86
		{E57A6DA1-26A5-4048-892E-790D55F10FCC}.Debug|ARM.ActiveCfg = Debug|ARM
		{E57A6DA1-26A5-4048-892E-790D55F10FCC}.Debug|ARM.Build.0 = Debug|ARM
		{E57A6DA1-26A5-4048-892E-790D55F10FCC}.Debug|ARM.Deploy.0 = Debug|ARM
		{E57A6DA1-26A5-4048-892E-790D55F10FCC}.Debug|iPhone.ActiveCfg = Debug|x86
		{E57A6DA1-26A5-4048-892E-790D55F10FCC}.Debug|iPhone.Build.0 = Debug|x86
		{E57A6DA1-26A5-4048-892E-790D55F10FCC}.Debug|iPhone.Deploy.0 = Debug|x86
		{E57A6DA1-26A5-4048-892E-790D55F10FCC}.Debug|iPhoneSimulator.ActiveCfg = Debug|x86
		{E57A6DA1-26A5-4048-892E-790D55F10FCC}.Debug|iPhoneSimulator.Build.0 = Debug|x86
		{E57A6DA1-26A5-4048-892E-790D55F10FCC}.Debug|iPhoneSimulator.Deploy.0 = Debug|x86
		{E57A6DA1-26A5-4048-892E-790D55F10FCC}.Debug|x64.ActiveCfg = Debug|x64
		{E57A6DA1-26A5-4048-892E-790D55F10FCC}.Debug|x64.Build.0 = Debug|x64
		{E57A6DA1-26A5-4048-892E-790D55F10FCC}.Debug|x64.Deploy.0 = Debug|x64
		{E57A6DA1-26A5-4048-892E-790D55F10FCC}.Debug|x86.ActiveCfg = Debug|x86
		{E57A6DA1-26A5-4048-892E-790D55F10FCC}.Debug|x86.Build.0 = Debug|x86
		{E57A6DA1-26A5-4048-892E-790D55F10FCC}.Debug|x86.Deploy.0 = Debug|x86
		{E57A6DA1-26A5-4048-892E-790D55F10FCC}.Release|Any CPU.ActiveCfg = Release|x86
		{E57A6DA1-26A5-4048-892E-790D55F10FCC}.Release|Any CPU.Build.0 = Release|x86
		{E57A6DA1-26A5-4048-892E-790D55F10FCC}.Release|Any CPU.Deploy.0 = Release|x86
		{E57A6DA1-26A5-4048-892E-790D55F10FCC}.Release|ARM.ActiveCfg = Release|ARM
		{E57A6DA1-26A5-4048-892E-790D55F10FCC}.Release|ARM.Build.0 = Release|ARM
		{E57A6DA1-26A5-4048-892E-790D55F10FCC}.Release|ARM.Deploy.0 = Release|ARM
		{E57A6DA1-26A5-4048-892E-790D55F10FCC}.Release|iPhone.ActiveCfg = Release|x86
		{E57A6DA1-26A5-4048-892E-790D55F10FCC}.Release|iPhone.Build.0 = Release|x86
		{E57A6DA1-26A5-4048-892E-790D55F10FCC}.Release|iPhone.Deploy.0 = Release|x86
		{E57A6DA1-26A5-4048-892E-790D55F10FCC}.Release|iPhoneSimulator.ActiveCfg = Release|x86
		{E57A6DA1-26A5-4048-892E-790D55F10FCC}.Release|iPhoneSimulator.Build.0 = Release|x86
		{E57A6DA1-26A5-4048-892E-790D55F10FCC}.Release|iPhoneSimulator.Deploy.0 = Release|x86
		{E57A6DA1-26A5-4048-892E-790D55F10FCC}.Release|x64.ActiveCfg = Release|x64
		{E57A6DA1-26A5-4048-892E-790D55F10FCC}.Release|x64.Build.0 = Release|x64
		{E57A6DA1-26A5-4048-892E-790D55F10FCC}.Release|x64.Deploy.0 = Release|x64
		{E57A6DA1-26A5-4048-892E-790D55F10FCC}.Release|x86.ActiveCfg = Release|x86
		{E57A6DA1-26A5-4048-892E-790D55F10FCC}.Release|x86.Build.0 = Release|x86
		{E57A6DA1-26A5-4048-892E-790D55F10FCC}.Release|x86.Deploy.0 = Release|x86
		{A1FB4271-421A-44DB-89ED-7A63D1298978}.Ad-Hoc|Any CPU.ActiveCfg = Debug|Any CPU
		{A1FB4271-421A-44DB-89ED-7A63D1298978}.Ad-Hoc|Any CPU.Build.0 = Debug|Any CPU
		{A1FB4271-421A-44DB-89ED-7A63D1298978}.Ad-Hoc|Any CPU.Deploy.0 = Debug|Any CPU
		{A1FB4271-421A-44DB-89ED-7A63D1298978}.Ad-Hoc|ARM.ActiveCfg = Debug|Any CPU
		{A1FB4271-421A-44DB-89ED-7A63D1298978}.Ad-Hoc|ARM.Build.0 = Debug|Any CPU
		{A1FB4271-421A-44DB-89ED-7A63D1298978}.Ad-Hoc|ARM.Deploy.0 = Debug|Any CPU
		{A1FB4271-421A-44DB-89ED-7A63D1298978}.Ad-Hoc|iPhone.ActiveCfg = Debug|Any CPU
		{A1FB4271-421A-44DB-89ED-7A63D1298978}.Ad-Hoc|iPhone.Build.0 = Debug|Any CPU
		{A1FB4271-421A-44DB-89ED-7A63D1298978}.Ad-Hoc|iPhone.Deploy.0 = Debug|Any CPU
		{A1FB4271-421A-44DB-89ED-7A63D1298978}.Ad-Hoc|iPhoneSimulator.ActiveCfg = Debug|Any CPU
		{A1FB4271-421A-44DB-89ED-7A63D1298978}.Ad-Hoc|iPhoneSimulator.Build.0 = Debug|Any CPU
		{A1FB4271-421A-44DB-89ED-7A63D1298978}.Ad-Hoc|iPhoneSimulator.Deploy.0 = Debug|Any CPU
		{A1FB4271-421A-44DB-89ED-7A63D1298978}.Ad-Hoc|x64.ActiveCfg = Debug|Any CPU
		{A1FB4271-421A-44DB-89ED-7A63D1298978}.Ad-Hoc|x64.Build.0 = Debug|Any CPU
		{A1FB4271-421A-44DB-89ED-7A63D1298978}.Ad-Hoc|x64.Deploy.0 = Debug|Any CPU
		{A1FB4271-421A-44DB-89ED-7A63D1298978}.Ad-Hoc|x86.ActiveCfg = Debug|Any CPU
		{A1FB4271-421A-44DB-89ED-7A63D1298978}.Ad-Hoc|x86.Build.0 = Debug|Any CPU
		{A1FB4271-421A-44DB-89ED-7A63D1298978}.Ad-Hoc|x86.Deploy.0 = Debug|Any CPU
		{A1FB4271-421A-44DB-89ED-7A63D1298978}.AppStore|Any CPU.ActiveCfg = Debug|Any CPU
		{A1FB4271-421A-44DB-89ED-7A63D1298978}.AppStore|Any CPU.Build.0 = Debug|Any CPU
		{A1FB4271-421A-44DB-89ED-7A63D1298978}.AppStore|Any CPU.Deploy.0 = Debug|Any CPU
		{A1FB4271-421A-44DB-89ED-7A63D1298978}.AppStore|ARM.ActiveCfg = Debug|Any CPU
		{A1FB4271-421A-44DB-89ED-7A63D1298978}.AppStore|ARM.Build.0 = Debug|Any CPU
		{A1FB4271-421A-44DB-89ED-7A63D1298978}.AppStore|ARM.Deploy.0 = Debug|Any CPU
		{A1FB4271-421A-44DB-89ED-7A63D1298978}.AppStore|iPhone.ActiveCfg = Debug|Any CPU
		{A1FB4271-421A-44DB-89ED-7A63D1298978}.AppStore|iPhone.Build.0 = Debug|Any CPU
		{A1FB4271-421A-44DB-89ED-7A63D1298978}.AppStore|iPhone.Deploy.0 = Debug|Any CPU
		{A1FB4271-421A-44DB-89ED-7A63D1298978}.AppStore|iPhoneSimulator.ActiveCfg = Debug|Any CPU
		{A1FB4271-421A-44DB-89ED-7A63D1298978}.AppStore|iPhoneSimulator.Build.0 = Debug|Any CPU
		{A1FB4271-421A-44DB-89ED-7A63D1298978}.AppStore|iPhoneSimulator.Deploy.0 = Debug|Any CPU
		{A1FB4271-421A-44DB-89ED-7A63D1298978}.AppStore|x64.ActiveCfg = Debug|Any CPU
		{A1FB4271-421A-44DB-89ED-7A63D1298978}.AppStore|x64.Build.0 = Debug|Any CPU
		{A1FB4271-421A-44DB-89ED-7A63D1298978}.AppStore|x64.Deploy.0 = Debug|Any CPU
		{A1FB4271-421A-44DB-89ED-7A63D1298978}.AppStore|x86.ActiveCfg = Debug|Any CPU
		{A1FB4271-421A-44DB-89ED-7A63D1298978}.AppStore|x86.Build.0 = Debug|Any CPU
		{A1FB4271-421A-44DB-89ED-7A63D1298978}.AppStore|x86.Deploy.0 = Debug|Any CPU
		{A1FB4271-421A-44DB-89ED-7A63D1298978}.Debug|Any CPU.ActiveCfg = Debug|Any CPU
		{A1FB4271-421A-44DB-89ED-7A63D1298978}.Debug|Any CPU.Build.0 = Debug|Any CPU
		{A1FB4271-421A-44DB-89ED-7A63D1298978}.Debug|Any CPU.Deploy.0 = Debug|Any CPU
		{A1FB4271-421A-44DB-89ED-7A63D1298978}.Debug|ARM.ActiveCfg = Debug|Any CPU
		{A1FB4271-421A-44DB-89ED-7A63D1298978}.Debug|ARM.Build.0 = Debug|Any CPU
		{A1FB4271-421A-44DB-89ED-7A63D1298978}.Debug|ARM.Deploy.0 = Debug|Any CPU
		{A1FB4271-421A-44DB-89ED-7A63D1298978}.Debug|iPhone.ActiveCfg = Debug|Any CPU
		{A1FB4271-421A-44DB-89ED-7A63D1298978}.Debug|iPhone.Build.0 = Debug|Any CPU
		{A1FB4271-421A-44DB-89ED-7A63D1298978}.Debug|iPhone.Deploy.0 = Debug|Any CPU
		{A1FB4271-421A-44DB-89ED-7A63D1298978}.Debug|iPhoneSimulator.ActiveCfg = Debug|Any CPU
		{A1FB4271-421A-44DB-89ED-7A63D1298978}.Debug|iPhoneSimulator.Build.0 = Debug|Any CPU
		{A1FB4271-421A-44DB-89ED-7A63D1298978}.Debug|iPhoneSimulator.Deploy.0 = Debug|Any CPU
		{A1FB4271-421A-44DB-89ED-7A63D1298978}.Debug|x64.ActiveCfg = Debug|Any CPU
		{A1FB4271-421A-44DB-89ED-7A63D1298978}.Debug|x64.Build.0 = Debug|Any CPU
		{A1FB4271-421A-44DB-89ED-7A63D1298978}.Debug|x64.Deploy.0 = Debug|Any CPU
		{A1FB4271-421A-44DB-89ED-7A63D1298978}.Debug|x86.ActiveCfg = Debug|Any CPU
		{A1FB4271-421A-44DB-89ED-7A63D1298978}.Debug|x86.Build.0 = Debug|Any CPU
		{A1FB4271-421A-44DB-89ED-7A63D1298978}.Debug|x86.Deploy.0 = Debug|Any CPU
		{A1FB4271-421A-44DB-89ED-7A63D1298978}.Release|Any CPU.ActiveCfg = Release|Any CPU
		{A1FB4271-421A-44DB-89ED-7A63D1298978}.Release|Any CPU.Build.0 = Release|Any CPU
		{A1FB4271-421A-44DB-89ED-7A63D1298978}.Release|Any CPU.Deploy.0 = Release|Any CPU
		{A1FB4271-421A-44DB-89ED-7A63D1298978}.Release|ARM.ActiveCfg = Release|Any CPU
		{A1FB4271-421A-44DB-89ED-7A63D1298978}.Release|ARM.Build.0 = Release|Any CPU
		{A1FB4271-421A-44DB-89ED-7A63D1298978}.Release|ARM.Deploy.0 = Release|Any CPU
		{A1FB4271-421A-44DB-89ED-7A63D1298978}.Release|iPhone.ActiveCfg = Release|Any CPU
		{A1FB4271-421A-44DB-89ED-7A63D1298978}.Release|iPhone.Build.0 = Release|Any CPU
		{A1FB4271-421A-44DB-89ED-7A63D1298978}.Release|iPhone.Deploy.0 = Release|Any CPU
		{A1FB4271-421A-44DB-89ED-7A63D1298978}.Release|iPhoneSimulator.ActiveCfg = Release|Any CPU
		{A1FB4271-421A-44DB-89ED-7A63D1298978}.Release|iPhoneSimulator.Build.0 = Release|Any CPU
		{A1FB4271-421A-44DB-89ED-7A63D1298978}.Release|iPhoneSimulator.Deploy.0 = Release|Any CPU
		{A1FB4271-421A-44DB-89ED-7A63D1298978}.Release|x64.ActiveCfg = Release|Any CPU
		{A1FB4271-421A-44DB-89ED-7A63D1298978}.Release|x64.Build.0 = Release|Any CPU
		{A1FB4271-421A-44DB-89ED-7A63D1298978}.Release|x64.Deploy.0 = Release|Any CPU
		{A1FB4271-421A-44DB-89ED-7A63D1298978}.Release|x86.ActiveCfg = Release|Any CPU
		{A1FB4271-421A-44DB-89ED-7A63D1298978}.Release|x86.Build.0 = Release|Any CPU
		{A1FB4271-421A-44DB-89ED-7A63D1298978}.Release|x86.Deploy.0 = Release|Any CPU
	EndGlobalSection
	GlobalSection(SolutionProperties) = preSolution
		HideSolutionNode = FALSE
	EndGlobalSection
	GlobalSection(ExtensibilityGlobals) = postSolution
		SolutionGuid = {98C18452-1EFF-4E1E-B9F7-1761D2C2C8E9}
	EndGlobalSection
EndGlobal
